
Microsoft Visual Studio Solution File, Format Version 12.00
# Visual Studio 2013
VisualStudioVersion = 12.0.30501.0
MinimumVisualStudioVersion = 10.0.40219.1
Project("{FAE04EC0-301F-11D3-BF4B-00C04F79EFBC}") = "holobenchmark", "holobenchmark\holobenchmark.csproj", "{0968BA2E-E2D2-407C-BAE9-223865D522AB}"
EndProject
Global
	GlobalSection(SolutionConfigurationPlatforms) = preSolution
		Debug|Any CPU = Debug|Any CPU
		Release|Any CPU = Release|Any CPU
	EndGlobalSection
	GlobalSection(ProjectConfigurationPlatforms) = postSolution
		{0968BA2E-E2D2-407C-BAE9-223865D522AB}.Debug|Any CPU.ActiveCfg = Debug|Any CPU
		{0968BA2E-E2D2-407C-BAE9-223865D522AB}.Debug|Any CPU.Build.0 = Debug|Any CPU
		{0968BA2E-E2D2-407C-BAE9-223865D522AB}.Release|Any CPU.ActiveCfg = Release|Any CPU
		{0968BA2E-E2D2-407C-BAE9-223865D522AB}.Release|Any CPU.Build.0 = Release|Any CPU
	EndGlobalSection
	GlobalSection(SolutionProperties) = preSolution
		HideSolutionNode = FALSE
	EndGlobalSection
EndGlobal
